PODS:
  - CocoaLumberjack (1.8.1):
    - CocoaLumberjack/Extensions
  - CocoaLumberjack/Core (1.8.1)
  - CocoaLumberjack/Extensions (1.8.1):
    - CocoaLumberjack/Core
  - MagicalRecord (2.2):
    - MagicalRecord/Core
  - MagicalRecord/Core (2.2)

DEPENDENCIES:
  - CocoaLumberjack
  - MagicalRecord

SPEC CHECKSUMS:
  CocoaLumberjack: 020378ec400d658923bf5887178394f65f052c90
  MagicalRecord: 95d49d74ef752cd52f6ad87bcb474817fc3978cf

COCOAPODS: 0.32.1
